// !$*UTF8*$!
{
	archiveVersion = 1;
	classes = {
	};
	objectVersion = 50;
	objects = {

/* Begin PBXBuildFile section */
		BA83766A229EB8F7006065D9 /* AppDelegate.swift in Sources */ = {isa = PBXBuildFile; fileRef = BA837669229EB8F7006065D9 /* AppDelegate.swift */; };
		BA83766C229EB8F7006065D9 /* ViewController.swift in Sources */ = {isa = PBXBuildFile; fileRef = BA83766B229EB8F7006065D9 /* ViewController.swift */; };
		BA83766F229EB8F7006065D9 /* Main.storyboard in Resources */ = {isa = PBXBuildFile; fileRef = BA83766D229EB8F7006065D9 /* Main.storyboard */; };
		BA837671229EB8F7006065D9 /* Assets.xcassets in Resources */ = {isa = PBXBuildFile; fileRef = BA837670229EB8F7006065D9 /* Assets.xcassets */; };
		BA837674229EB8F7006065D9 /* LaunchScreen.storyboard in Resources */ = {isa = PBXBuildFile; fileRef = BA837672229EB8F7006065D9 /* LaunchScreen.storyboard */; };
		BA837682229EB9AC006065D9 /* KeyboardViewController.swift in Sources */ = {isa = PBXBuildFile; fileRef = BA837681229EB9AC006065D9 /* KeyboardViewController.swift */; };
		BA837686229EB9AC006065D9 /* CustomKeyboard.appex in Embed App Extensions */ = {isa = PBXBuildFile; fileRef = BA83767F229EB9AC006065D9 /* CustomKeyboard.appex */; settings = {ATTRIBUTES = (RemoveHeadersOnCopy, ); }; };
/* End PBXBuildFile section */

/* Begin PBXContainerItemProxy section */
		BA837684229EB9AC006065D9 /* PBXContainerItemProxy */ = {
			isa = PBXContainerItemProxy;
			containerPortal = BA83765E229EB8F7006065D9 /* Project object */;
			proxyType = 1;
			remoteGlobalIDString = BA83767E229EB9AC006065D9;
			remoteInfo = CustomKeyboard;
		};
/* End PBXContainerItemProxy section */

/* Begin PBXCopyFilesBuildPhase section */
		BA83768A229EB9AC006065D9 /* Embed App Extensions */ = {
			isa = PBXCopyFilesBuildPhase;
			buildActionMask = 2147483647;
			dstPath = "";
			dstSubfolderSpec = 13;
			files = (
				BA837686229EB9AC006065D9 /* CustomKeyboard.appex in Embed App Extensions */,
			);
			name = "Embed App Extensions";
			runOnlyForDeploymentPostprocessing = 0;
		};
/* End PBXCopyFilesBuildPhase section */

/* Begin PBXFileReference section */
		BA837666229EB8F7006065D9 /* MorseKeyboard.app */ = {isa = PBXFileReference; explicitFileType = wrapper.application; includeInIndex = 0; path = MorseKeyboard.app; sourceTree = BUILT_PRODUCTS_DIR; };
		BA837669229EB8F7006065D9 /* AppDelegate.swift */ = {isa = PBXFileReference; lastKnownFileType = sourcecode.swift; path = AppDelegate.swift; sourceTree = "<group>"; };
		BA83766B229EB8F7006065D9 /* ViewController.swift */ = {isa = PBXFileReference; lastKnownFileType = sourcecode.swift; path = ViewController.swift; sourceTree = "<group>"; };
		BA83766E229EB8F7006065D9 /* Base */ = {isa = PBXFileReference; lastKnownFileType = file.storyboard; name = Base; path = Base.lproj/Main.storyboard; sourceTree = "<group>"; };
		BA837670229EB8F7006065D9 /* Assets.xcassets */ = {isa = PBXFileReference; lastKnownFileType = folder.assetcatalog; path = Assets.xcassets; sourceTree = "<group>"; };
		BA837673229EB8F7006065D9 /* Base */ = {isa = PBXFileReference; lastKnownFileType = file.storyboard; name = Base; path = Base.lproj/LaunchScreen.storyboard; sourceTree = "<group>"; };
		BA837675229EB8F7006065D9 /* Info.plist */ = {isa = PBXFileReference; lastKnownFileType = text.plist.xml; path = Info.plist; sourceTree = "<group>"; };
		BA83767F229EB9AC006065D9 /* CustomKeyboard.appex */ = {isa = PBXFileReference; explicitFileType = "wrapper.app-extension"; includeInIndex = 0; path = CustomKeyboard.appex; sourceTree = BUILT_PRODUCTS_DIR; };
		BA837681229EB9AC006065D9 /* KeyboardViewController.swift */ = {isa = PBXFileReference; lastKnownFileType = sourcecode.swift; path = KeyboardViewController.swift; sourceTree = "<group>"; };
		BA837683229EB9AC006065D9 /* Info.plist */ = {isa = PBXFileReference; lastKnownFileType = text.plist.xml; path = Info.plist; sourceTree = "<group>"; };
/* End PBXFileReference section */

/* Begin PBXFrameworksBuildPhase section */
		BA837663229EB8F7006065D9 /* Frameworks */ = {
			isa = PBXFrameworksBuildPhase;
			buildActionMask = 2147483647;
			files = (
			);
			runOnlyForDeploymentPostprocessing = 0;
		};
		BA83767C229EB9AC006065D9 /* Frameworks */ = {
			isa = PBXFrameworksBuildPhase;
			buildActionMask = 2147483647;
			files = (
			);
			runOnlyForDeploymentPostprocessing = 0;
		};
/* End PBXFrameworksBuildPhase section */

/* Begin PBXGroup section */
		BA83765D229EB8F7006065D9 = {
			isa = PBXGroup;
			children = (
				BA837668229EB8F7006065D9 /* MorseKeyboard */,
				BA837680229EB9AC006065D9 /* CustomKeyboard */,
				BA837667229EB8F7006065D9 /* Products */,
			);
			sourceTree = "<group>";
		};
		BA837667229EB8F7006065D9 /* Products */ = {
			isa = PBXGroup;
			children = (
				BA837666229EB8F7006065D9 /* MorseKeyboard.app */,
				BA83767F229EB9AC006065D9 /* CustomKeyboard.appex */,
			);
			name = Products;
			sourceTree = "<group>";
		};
		BA837668229EB8F7006065D9 /* MorseKeyboard */ = {
			isa = PBXGroup;
			children = (
				BA837669229EB8F7006065D9 /* AppDelegate.swift */,
				BA83766B229EB8F7006065D9 /* ViewController.swift */,
				BA83766D229EB8F7006065D9 /* Main.storyboard */,
				BA837670229EB8F7006065D9 /* Assets.xcassets */,
				BA837672229EB8F7006065D9 /* LaunchScreen.storyboard */,
				BA837675229EB8F7006065D9 /* Info.plist */,
			);
			path = MorseKeyboard;
			sourceTree = "<group>";
		};
		BA837680229EB9AC006065D9 /* CustomKeyboard */ = {
			isa = PBXGroup;
			children = (
				BA837681229EB9AC006065D9 /* KeyboardViewController.swift */,
				BA837683229EB9AC006065D9 /* Info.plist */,
			);
			path = CustomKeyboard;
			sourceTree = "<group>";
		};
/* End PBXGroup section */

/* Begin PBXNativeTarget section */
		BA837665229EB8F7006065D9 /* MorseKeyboard */ = {
			isa = PBXNativeTarget;
			buildConfigurationList = BA837678229EB8F7006065D9 /* Build configuration list for PBXNativeTarget "MorseKeyboard" */;
			buildPhases = (
				BA837662229EB8F7006065D9 /* Sources */,
				BA837663229EB8F7006065D9 /* Frameworks */,
				BA837664229EB8F7006065D9 /* Resources */,
				BA83768A229EB9AC006065D9 /* Embed App Extensions */,
			);
			buildRules = (
			);
			dependencies = (
				BA837685229EB9AC006065D9 /* PBXTargetDependency */,
			);
			name = MorseKeyboard;
			productName = MorseKeyboard;
			productReference = BA837666229EB8F7006065D9 /* MorseKeyboard.app */;
			productType = "com.apple.product-type.application";
		};
		BA83767E229EB9AC006065D9 /* CustomKeyboard */ = {
			isa = PBXNativeTarget;
			buildConfigurationList = BA837687229EB9AC006065D9 /* Build configuration list for PBXNativeTarget "CustomKeyboard" */;
			buildPhases = (
				BA83767B229EB9AC006065D9 /* Sources */,
				BA83767C229EB9AC006065D9 /* Frameworks */,
				BA83767D229EB9AC006065D9 /* Resources */,
			);
			buildRules = (
			);
			dependencies = (
			);
			name = CustomKeyboard;
			productName = CustomKeyboard;
			productReference = BA83767F229EB9AC006065D9 /* CustomKeyboard.appex */;
			productType = "com.apple.product-type.app-extension";
		};
/* End PBXNativeTarget section */

/* Begin PBXProject section */
		BA83765E229EB8F7006065D9 /* Project object */ = {
			isa = PBXProject;
			attributes = {
				LastSwiftUpdateCheck = 1020;
				LastUpgradeCheck = 1020;
				ORGANIZATIONNAME = "Yuji Sasaki";
				TargetAttributes = {
					BA837665229EB8F7006065D9 = {
						CreatedOnToolsVersion = 10.2.1;
					};
					BA83767E229EB9AC006065D9 = {
						CreatedOnToolsVersion = 10.2.1;
					};
				};
			};
			buildConfigurationList = BA837661229EB8F7006065D9 /* Build configuration list for PBXProject "MorseKeyboard" */;
			compatibilityVersion = "Xcode 9.3";
			developmentRegion = en;
			hasScannedForEncodings = 0;
			knownRegions = (
				en,
				Base,
			);
			mainGroup = BA83765D229EB8F7006065D9;
			productRefGroup = BA837667229EB8F7006065D9 /* Products */;
			projectDirPath = "";
			projectRoot = "";
			targets = (
				BA837665229EB8F7006065D9 /* MorseKeyboard */,
				BA83767E229EB9AC006065D9 /* CustomKeyboard */,
			);
		};
/* End PBXProject section */

/* Begin PBXResourcesBuildPhase section */
		BA837664229EB8F7006065D9 /* Resources */ = {
			isa = PBXResourcesBuildPhase;
			buildActionMask = 2147483647;
			files = (
				BA837674229EB8F7006065D9 /* LaunchScreen.storyboard in Resources */,
				BA837671229EB8F7006065D9 /* Assets.xcassets in Resources */,
				BA83766F229EB8F7006065D9 /* Main.storyboard in Resources */,
			);
			runOnlyForDeploymentPostprocessing = 0;
		};
		BA83767D229EB9AC006065D9 /* Resources */ = {
			isa = PBXResourcesBuildPhase;
			buildActionMask = 2147483647;
			files = (
			);
			runOnlyForDeploymentPostprocessing = 0;
		};
/* End PBXResourcesBuildPhase section */

/* Begin PBXSourcesBuildPhase section */
		BA837662229EB8F7006065D9 /* Sources */ = {
			isa = PBXSourcesBuildPhase;
			buildActionMask = 2147483647;
			files = (
				BA83766C229EB8F7006065D9 /* ViewController.swift in Sources */,
				BA83766A229EB8F7006065D9 /* AppDelegate.swift in Sources */,
			);
			runOnlyForDeploymentPostprocessing = 0;
		};
		BA83767B229EB9AC006065D9 /* Sources */ = {
			isa = PBXSourcesBuildPhase;
			buildActionMask = 2147483647;
			files = (
				BA837682229EB9AC006065D9 /* KeyboardViewController.swift in Sources */,
			);
			runOnlyForDeploymentPostprocessing = 0;
		};
/* End PBXSourcesBuildPhase section */

/* Begin PBXTargetDependency section */
		BA837685229EB9AC006065D9 /* PBXTargetDependency */ = {
			isa = PBXTargetDependency;
			target = BA83767E229EB9AC006065D9 /* CustomKeyboard */;
			targetProxy = BA837684229EB9AC006065D9 /* PBXContainerItemProxy */;
		};
/* End PBXTargetDependency section */

/* Begin PBXVariantGroup section */
		BA83766D229EB8F7006065D9 /* Main.storyboard */ = {
			isa = PBXVariantGroup;
			children = (
				BA83766E229EB8F7006065D9 /* Base */,
			);
			name = Main.storyboard;
			sourceTree = "<group>";
		};
		BA837672229EB8F7006065D9 /* LaunchScreen.storyboard */ = {
			isa = PBXVariantGroup;
			children = (
				BA837673229EB8F7006065D9 /* Base */,
			);
			name = LaunchScreen.storyboard;
			sourceTree = "<group>";
		};
/* End PBXVariantGroup section */

/* Begin XCBuildConfiguration section */
		BA837676229EB8F7006065D9 /* Debug */ = {
			isa = XCBuildConfiguration;
			buildSettings = {
				ALWAYS_SEARCH_USER_PATHS = NO;
				CLANG_ANALYZER_NONNULL = YES;
				CLANG_ANALYZER_NUMBER_OBJECT_CONVERSION = YES_AGGRESSIVE;
				CLANG_CXX_LANGUAGE_STANDARD = "gnu++14";
				CLANG_CXX_LIBRARY = "libc++";
				CLANG_ENABLE_MODULES = YES;
				CLANG_ENABLE_OBJC_ARC = YES;
				CLANG_ENABLE_OBJC_WEAK = YES;
				CLANG_WARN_BLOCK_CAPTURE_AUTORELEASING = YES;
				CLANG_WARN_BOOL_CONVERSION = YES;
				CLANG_WARN_COMMA = YES;
				CLANG_WARN_CONSTANT_CONVERSION = YES;
				CLANG_WARN_DEPRECATED_OBJC_IMPLEMENTATIONS = YES;
				CLANG_WARN_DIRECT_OBJC_ISA_USAGE = YES_ERROR;
				CLANG_WARN_DOCUMENTATION_COMMENTS = YES;
				CLANG_WARN_EMPTY_BODY = YES;
				CLANG_WARN_ENUM_CONVERSION = YES;
				CLANG_WARN_INFINITE_RECURSION = YES;
				CLANG_WARN_INT_CONVERSION = YES;
				CLANG_WARN_NON_LITERAL_NULL_CONVERSION = YES;
				CLANG_WARN_OBJC_IMPLICIT_RETAIN_SELF = YES;
				CLANG_WARN_OBJC_LITERAL_CONVERSION = YES;
				CLANG_WARN_OBJC_ROOT_CLASS = YES_ERROR;
				CLANG_WARN_RANGE_LOOP_ANALYSIS = YES;
				CLANG_WARN_STRICT_PROTOTYPES = YES;
				CLANG_WARN_SUSPICIOUS_MOVE = YES;
				CLANG_WARN_UNGUARDED_AVAILABILITY = YES_AGGRESSIVE;
				CLANG_WARN_UNREACHABLE_CODE = YES;
				CLANG_WARN__DUPLICATE_METHOD_MATCH = YES;
				CODE_SIGN_IDENTITY = "iPhone Developer";
				COPY_PHASE_STRIP = NO;
				DEBUG_INFORMATION_FORMAT = dwarf;
				ENABLE_STRICT_OBJC_MSGSEND = YES;
				ENABLE_TESTABILITY = YES;
				GCC_C_LANGUAGE_STANDARD = gnu11;
				GCC_DYNAMIC_NO_PIC = NO;
				GCC_NO_COMMON_BLOCKS = YES;
				GCC_OPTIMIZATION_LEVEL = 0;
				GCC_PREPROCESSOR_DEFINITIONS = (
					"DEBUG=1",
					"$(inherited)",
				);
				GCC_WARN_64_TO_32_BIT_CONVERSION = YES;
				GCC_WARN_ABOUT_RETURN_TYPE = YES_ERROR;
				GCC_WARN_UNDECLARED_SELECTOR = YES;
				GCC_WARN_UNINITIALIZED_AUTOS = YES_AGGRESSIVE;
				GCC_WARN_UNUSED_FUNCTION = YES;
				GCC_WARN_UNUSED_VARIABLE = YES;
				IPHONEOS_DEPLOYMENT_TARGET = 12.2;
				MTL_ENABLE_DEBUG_INFO = INCLUDE_SOURCE;
				MTL_FAST_MATH = YES;
				ONLY_ACTIVE_ARCH = YES;
				SDKROOT = iphoneos;
				SWIFT_ACTIVE_COMPILATION_CONDITIONS = DEBUG;
				SWIFT_OPTIMIZATION_LEVEL = "-Onone";
			};
			name = Debug;
		};
		BA837677229EB8F7006065D9 /* Release */ = {
			isa = XCBuildConfiguration;
			buildSettings = {
				ALWAYS_SEARCH_USER_PATHS = NO;
				CLANG_ANALYZER_NONNULL = YES;
				CLANG_ANALYZER_NUMBER_OBJECT_CONVERSION = YES_AGGRESSIVE;
				CLANG_CXX_LANGUAGE_STANDARD = "gnu++14";
				CLANG_CXX_LIBRARY = "libc++";
				CLANG_ENABLE_MODULES = YES;
				CLANG_ENABLE_OBJC_ARC = YES;
				CLANG_ENABLE_OBJC_WEAK = YES;
				CLANG_WARN_BLOCK_CAPTURE_AUTORELEASING = YES;
				CLANG_WARN_BOOL_CONVERSION = YES;
				CLANG_WARN_COMMA = YES;
				CLANG_WARN_CONSTANT_CONVERSION = YES;
				CLANG_WARN_DEPRECATED_OBJC_IMPLEMENTATIONS = YES;
				CLANG_WARN_DIRECT_OBJC_ISA_USAGE = YES_ERROR;
				CLANG_WARN_DOCUMENTATION_COMMENTS = YES;
				CLANG_WARN_EMPTY_BODY = YES;
				CLANG_WARN_ENUM_CONVERSION = YES;
				CLANG_WARN_INFINITE_RECURSION = YES;
				CLANG_WARN_INT_CONVERSION = YES;
				CLANG_WARN_NON_LITERAL_NULL_CONVERSION = YES;
				CLANG_WARN_OBJC_IMPLICIT_RETAIN_SELF = YES;
				CLANG_WARN_OBJC_LITERAL_CONVERSION = YES;
				CLANG_WARN_OBJC_ROOT_CLASS = YES_ERROR;
				CLANG_WARN_RANGE_LOOP_ANALYSIS = YES;
				CLANG_WARN_STRICT_PROTOTYPES = YES;
				CLANG_WARN_SUSPICIOUS_MOVE = YES;
				CLANG_WARN_UNGUARDED_AVAILABILITY = YES_AGGRESSIVE;
				CLANG_WARN_UNREACHABLE_CODE = YES;
				CLANG_WARN__DUPLICATE_METHOD_MATCH = YES;
				CODE_SIGN_IDENTITY = "iPhone Developer";
				COPY_PHASE_STRIP = NO;
				DEBUG_INFORMATION_FORMAT = "dwarf-with-dsym";
				ENABLE_NS_ASSERTIONS = NO;
				ENABLE_STRICT_OBJC_MSGSEND = YES;
				GCC_C_LANGUAGE_STANDARD = gnu11;
				GCC_NO_COMMON_BLOCKS = YES;
				GCC_WARN_64_TO_32_BIT_CONVERSION = YES;
				GCC_WARN_ABOUT_RETURN_TYPE = YES_ERROR;
				GCC_WARN_UNDECLARED_SELECTOR = YES;
				GCC_WARN_UNINITIALIZED_AUTOS = YES_AGGRESSIVE;
				GCC_WARN_UNUSED_FUNCTION = YES;
				GCC_WARN_UNUSED_VARIABLE = YES;
				IPHONEOS_DEPLOYMENT_TARGET = 12.2;
				MTL_ENABLE_DEBUG_INFO = NO;
				MTL_FAST_MATH = YES;
				SDKROOT = iphoneos;
				SWIFT_COMPILATION_MODE = wholemodule;
				SWIFT_OPTIMIZATION_LEVEL = "-O";
				VALIDATE_PRODUCT = YES;
			};
			name = Release;
		};
		BA837679229EB8F7006065D9 /* Debug */ = {
			isa = XCBuildConfiguration;
			buildSettings = {
				ALWAYS_EMBED_SWIFT_STANDARD_LIBRARIES = YES;
				ASSETCATALOG_COMPILER_APPICON_NAME = AppIcon;
				CODE_SIGN_STYLE = Automatic;
				DEVELOPMENT_TEAM = WSAUVM3XKG;
				INFOPLIST_FILE = MorseKeyboard/Info.plist;
				LD_RUNPATH_SEARCH_PATHS = (
					"$(inherited)",
					"@executable_path/Frameworks",
				);
				PRODUCT_BUNDLE_IDENTIFIER = dev.sasaki.MorseKeyboard;
				PRODUCT_NAME = "$(TARGET_NAME)";
				SWIFT_VERSION = 5.0;
				TARGETED_DEVICE_FAMILY = "1,2";
			};
			name = Debug;
		};
		BA83767A229EB8F7006065D9 /* Release */ = {
			isa = XCBuildConfiguration;
			buildSettings = {
				ALWAYS_EMBED_SWIFT_STANDARD_LIBRARIES = YES;
				ASSETCATALOG_COMPILER_APPICON_NAME = AppIcon;
				CODE_SIGN_STYLE = Automatic;
				DEVELOPMENT_TEAM = WSAUVM3XKG;
				INFOPLIST_FILE = MorseKeyboard/Info.plist;
				LD_RUNPATH_SEARCH_PATHS = (
					"$(inherited)",
					"@executable_path/Frameworks",
				);
				PRODUCT_BUNDLE_IDENTIFIER = dev.sasaki.MorseKeyboard;
				PRODUCT_NAME = "$(TARGET_NAME)";
				SWIFT_VERSION = 5.0;
				TARGETED_DEVICE_FAMILY = "1,2";
			};
			name = Release;
		};
		BA837688229EB9AC006065D9 /* Debug */ = {
			isa = XCBuildConfiguration;
			buildSettings = {
				CODE_SIGN_STYLE = Automatic;
				DEVELOPMENT_TEAM = WSAUVM3XKG;
				INFOPLIST_FILE = CustomKeyboard/Info.plist;
				LD_RUNPATH_SEARCH_PATHS = (
					"$(inherited)",
					"@executable_path/Frameworks",
					"@executable_path/../../Frameworks",
				);
				PRODUCT_BUNDLE_IDENTIFIER = dev.sasaki.MorseKeyboard.CustomKeyboard;
				PRODUCT_NAME = "$(TARGET_NAME)";
				SKIP_INSTALL = YES;
				SWIFT_VERSION = 5.0;
				TARGETED_DEVICE_FAMILY = "1,2";
			};
			name = Debug;
		};
		BA837689229EB9AC006065D9 /* Release */ = {
			isa = XCBuildConfiguration;
			buildSettings = {
				CODE_SIGN_STYLE = Automatic;
				DEVELOPMENT_TEAM = WSAUVM3XKG;
				INFOPLIST_FILE = CustomKeyboard/Info.plist;
				LD_RUNPATH_SEARCH_PATHS = (
					"$(inherited)",
					"@executable_path/Frameworks",
					"@executable_path/../../Frameworks",
				);
				PRODUCT_BUNDLE_IDENTIFIER = dev.sasaki.MorseKeyboard.CustomKeyboard;
				PRODUCT_NAME = "$(TARGET_NAME)";
				SKIP_INSTALL = YES;
				SWIFT_VERSION = 5.0;
				TARGETED_DEVICE_FAMILY = "1,2";
			};
			name = Release;
		};
/* End XCBuildConfiguration section */

/* Begin XCConfigurationList section */
		BA837661229EB8F7006065D9 /* Build configuration list for PBXProject "MorseKeyboard" */ = {
			isa = XCConfigurationList;
			buildConfigurations = (
				BA837676229EB8F7006065D9 /* Debug */,
				BA837677229EB8F7006065D9 /* Release */,
			);
			defaultConfigurationIsVisible = 0;
			defaultConfigurationName = Release;
		};
		BA837678229EB8F7006065D9 /* Build configuration list for PBXNativeTarget "MorseKeyboard" */ = {
			isa = XCConfigurationList;
			buildConfigurations = (
				BA837679229EB8F7006065D9 /* Debug */,
				BA83767A229EB8F7006065D9 /* Release */,
			);
			defaultConfigurationIsVisible = 0;
			defaultConfigurationName = Release;
		};
		BA837687229EB9AC006065D9 /* Build configuration list for PBXNativeTarget "CustomKeyboard" */ = {
			isa = XCConfigurationList;
			buildConfigurations = (
				BA837688229EB9AC006065D9 /* Debug */,
				BA837689229EB9AC006065D9 /* Release */,
			);
			defaultConfigurationIsVisible = 0;
			defaultConfigurationName = Release;
		};
/* End XCConfigurationList section */
	};
	rootObject = BA83765E229EB8F7006065D9 /* Project object */;
}
